
Microsoft Visual Studio Solution File, Format Version 12.00
# Visual Studio Version 17
VisualStudioVersion = 17.7.34018.315
MinimumVisualStudioVersion = 10.0.40219.1
Project("{FAE04EC0-301F-11D3-BF4B-00C04F79EFBC}") = "CleanArquitecture.Api", "CleanArquitecture.Api\CleanArquitecture.Api.csproj", "{6ECC80D5-8860-4B5F-A66B-6859CD713377}"
EndProject
Project("{FAE04EC0-301F-11D3-BF4B-00C04F79EFBC}") = "CleanArquitecture.Core", "CleanArquitecture.Core\CleanArquitecture.Core.csproj", "{1D20907D-7444-4B7C-8325-B695FCF3A35E}"
EndProject
Project("{FAE04EC0-301F-11D3-BF4B-00C04F79EFBC}") = "CleanArquitecture.Services", "CleanArquitecture.Services\CleanArquitecture.Services.csproj", "{76664F15-FCF1-40C9-9D95-23D18A57B1F1}"
EndProject
Project("{FAE04EC0-301F-11D3-BF4B-00C04F79EFBC}") = "CleanArquitecture.Infrastructure", "CleanArquitecture.Infrastructure\CleanArquitecture.Infrastructure.csproj", "{9095CEFC-1F7B-4E33-B7B2-1B074FC861CE}"
EndProject
Global
	GlobalSection(SolutionConfigurationPlatforms) = preSolution
		Debug|Any CPU = Debug|Any CPU
		Release|Any CPU = Release|Any CPU
	EndGlobalSection
	GlobalSection(ProjectConfigurationPlatforms) = postSolution
		{6ECC80D5-8860-4B5F-A66B-6859CD713377}.Debug|Any CPU.ActiveCfg = Debug|Any CPU
		{6ECC80D5-8860-4B5F-A66B-6859CD713377}.Debug|Any CPU.Build.0 = Debug|Any CPU
		{6ECC80D5-8860-4B5F-A66B-6859CD713377}.Release|Any CPU.ActiveCfg = Release|Any CPU
		{6ECC80D5-8860-4B5F-A66B-6859CD713377}.Release|Any CPU.Build.0 = Release|Any CPU
		{1D20907D-7444-4B7C-8325-B695FCF3A35E}.Debug|Any CPU.ActiveCfg = Debug|Any CPU
		{1D20907D-7444-4B7C-8325-B695FCF3A35E}.Debug|Any CPU.Build.0 = Debug|Any CPU
		{1D20907D-7444-4B7C-8325-B695FCF3A35E}.Release|Any CPU.ActiveCfg = Release|Any CPU
		{1D20907D-7444-4B7C-8325-B695FCF3A35E}.Release|Any CPU.Build.0 = Release|Any CPU
		{76664F15-FCF1-40C9-9D95-23D18A57B1F1}.Debug|Any CPU.ActiveCfg = Debug|Any CPU
		{76664F15-FCF1-40C9-9D95-23D18A57B1F1}.Debug|Any CPU.Build.0 = Debug|Any CPU
		{76664F15-FCF1-40C9-9D95-23D18A57B1F1}.Release|Any CPU.ActiveCfg = Release|Any CPU
		{76664F15-FCF1-40C9-9D95-23D18A57B1F1}.Release|Any CPU.Build.0 = Release|Any CPU
		{9095CEFC-1F7B-4E33-B7B2-1B074FC861CE}.Debug|Any CPU.ActiveCfg = Debug|Any CPU
		{9095CEFC-1F7B-4E33-B7B2-1B074FC861CE}.Debug|Any CPU.Build.0 = Debug|Any CPU
		{9095CEFC-1F7B-4E33-B7B2-1B074FC861CE}.Release|Any CPU.ActiveCfg = Release|Any CPU
		{9095CEFC-1F7B-4E33-B7B2-1B074FC861CE}.Release|Any CPU.Build.0 = Release|Any CPU
	EndGlobalSection
	GlobalSection(SolutionProperties) = preSolution
		HideSolutionNode = FALSE
	EndGlobalSection
	GlobalSection(ExtensibilityGlobals) = postSolution
		SolutionGuid = {46134931-7928-4F50-AE06-BE55FAB901F8}
	EndGlobalSection
EndGlobal
